
Microsoft Visual Studio Solution File, Format Version 12.00
# Visual Studio Version 17
VisualStudioVersion = 17.2.32516.85
MinimumVisualStudioVersion = 10.0.40219.1
Project("{9A19103F-16F7-4668-BE54-9A1E7A4F7556}") = "SportsStore", "SportsStore\SportsStore.csproj", "{C9FD5A65-D6CE-42D4-BA21-84263CEAED6C}"
EndProject
Project("{9A19103F-16F7-4668-BE54-9A1E7A4F7556}") = "SportsStore.Tests", "SportsStore.Tests\SportsStore.Tests.csproj", "{22853620-26FC-4F7E-9CA0-990303D6513B}"
EndProject
Global
	GlobalSection(SolutionConfigurationPlatforms) = preSolution
		Debug|Any CPU = Debug|Any CPU
		Release|Any CPU = Release|Any CPU
	EndGlobalSection
	GlobalSection(ProjectConfigurationPlatforms) = postSolution
		{C9FD5A65-D6CE-42D4-BA21-84263CEAED6C}.Debug|Any CPU.ActiveCfg = Debug|Any CPU
		{C9FD5A65-D6CE-42D4-BA21-84263CEAED6C}.Debug|Any CPU.Build.0 = Debug|Any CPU
		{C9FD5A65-D6CE-42D4-BA21-84263CEAED6C}.Release|Any CPU.ActiveCfg = Release|Any CPU
		{C9FD5A65-D6CE-42D4-BA21-84263CEAED6C}.Release|Any CPU.Build.0 = Release|Any CPU
		{22853620-26FC-4F7E-9CA0-990303D6513B}.Debug|Any CPU.ActiveCfg = Debug|Any CPU
		{22853620-26FC-4F7E-9CA0-990303D6513B}.Debug|Any CPU.Build.0 = Debug|Any CPU
		{22853620-26FC-4F7E-9CA0-990303D6513B}.Release|Any CPU.ActiveCfg = Release|Any CPU
		{22853620-26FC-4F7E-9CA0-990303D6513B}.Release|Any CPU.Build.0 = Release|Any CPU
	EndGlobalSection
	GlobalSection(SolutionProperties) = preSolution
		HideSolutionNode = FALSE
	EndGlobalSection
	GlobalSection(ExtensibilityGlobals) = postSolution
		SolutionGuid = {F40FC3AE-4CB2-49EC-9D3B-B9E0FE003945}
	EndGlobalSection
EndGlobal
